# THIS IS AN AUTOGENERATED FILE. DO NOT EDIT THIS FILE DIRECTLY.
# yarn lockfile v1


"@emmetio/extract-abbreviation@0.1.6":
  version "0.1.6"
  resolved "https://registry.npm.taobao.org/@emmetio/extract-abbreviation/download/@emmetio/extract-abbreviation-0.1.6.tgz#e4a9856c1057f0aff7d443b8536477c243abe28c"
  integrity sha1-5KmFbBBX8K/31EO4U2R3wkOr4ow=

jsonc-parser@^1.0.0:
  version "1.0.3"
  resolved "https://registry.npm.taobao.org/jsonc-parser/download/jsonc-parser-1.0.3.tgz#1d53d7160e401a783dbceabaad82473f80e6ad7e"
  integrity sha1-HVPXFg5AGng9vOq6rYJHP4DmrX4=

style-hook@^1.1.1:
  version "1.1.1"
  resolved "https://registry.npm.taobao.org/style-hook/download/style-hook-1.1.1.tgz?cache=0&sync_timestamp=1575595990239&other_urls=https%3A%2F%2Fregistry.npm.taobao.org%2Fstyle-hook%2Fdownload%2Fstyle-hook-1.1.1.tgz#30f4d4988ff962ad15d7577eaff5a643fb01d820"
  integrity sha1-MPTUmI/5Yq0V11d+r/WmQ/sB2CA=
  dependencies:
    stylis "^3.5.4"

stylis@^3.5.4:
  version "3.5.4"
  resolved "https://registry.npm.taobao.org/stylis/download/stylis-3.5.4.tgz#f665f25f5e299cf3d64654ab949a57c768b73fbe"
  integrity sha1-9mXyX14pnPPWRlSrlJpXx2i3P74=

"typescript-style-hook-plugin@file:./..":
  version "0.0.3"
  dependencies:
    typescript-template-language-service-decorator "^2.2.0"
    vscode-css-languageservice "^3.0.13"
    vscode-emmet-helper "1.2.11"
    vscode-languageserver-types "^3.13.0"

typescript-template-language-service-decorator@^2.2.0:
  version "2.2.0"
  resolved "https://registry.npm.taobao.org/typescript-template-language-service-decorator/download/typescript-template-language-service-decorator-2.2.0.tgz#4ee6d580f307fb9239978e69626f2775b8a59b2a"
  integrity sha1-TubVgPMH+5I5l45pYm8ndbilmyo=

typescript@^3.3.3333:
  version "3.7.3"
  resolved "https://registry.npm.taobao.org/typescript/download/typescript-3.7.3.tgz?cache=0&other_urls=https%3A%2F%2Fregistry.npm.taobao.org%2Ftypescript%2Fdownload%2Ftypescript-3.7.3.tgz#b36840668a16458a7025b9eabfad11b66ab85c69"
  integrity sha1-s2hAZooWRYpwJbnqv60Rtmq4XGk=

vscode-css-languageservice@^3.0.13:
  version "3.0.13"
  resolved "https://registry.npm.taobao.org/vscode-css-languageservice/download/vscode-css-languageservice-3.0.13.tgz#1788735b65fde54181ea458e6a52cc2bd6dd9126"
  integrity sha1-F4hzW2X95UGB6kWOalLMK9bdkSY=
  dependencies:
    vscode-languageserver-types "^3.13.0"
    vscode-nls "^4.0.0"

vscode-emmet-helper@1.2.11:
  version "1.2.11"
  resolved "https://registry.npm.taobao.org/vscode-emmet-helper/download/vscode-emmet-helper-1.2.11.tgz#4de78223666bf917eb6dc4b225b6c40f6901950c"
  integrity sha1-TeeCI2Zr+RfrbcSyJbbED2kBlQw=
  dependencies:
    "@emmetio/extract-abbreviation" "0.1.6"
    jsonc-parser "^1.0.0"
    vscode-languageserver-types "^3.6.0-next.1"

vscode-languageserver-types@^3.13.0, vscode-languageserver-types@^3.6.0-next.1:
  version "3.14.0"
  resolved "https://registry.npm.taobao.org/vscode-languageserver-types/download/vscode-languageserver-types-3.14.0.tgz#d3b5952246d30e5241592b6dde8280e03942e743"
  integrity sha1-07WVIkbTDlJBWStt3oKA4DlC50M=

vscode-nls@^4.0.0:
  version "4.1.1"
  resolved "https://registry.npm.taobao.org/vscode-nls/download/vscode-nls-4.1.1.tgz#f9916b64e4947b20322defb1e676a495861f133c"
  integrity sha1-+ZFrZOSUeyAyLe+x5naklYYfEzw=
